// !$*UTF8*$!
{
	archiveVersion = 1;
	classes = {
	};
	objectVersion = 50;
	objects = {

/* Begin PBXBuildFile section */
		B432F79424BC1F140062EDB0 /* AppDelegate.swift in Sources */ = {isa = PBXBuildFile; fileRef = B432F79324BC1F140062EDB0 /* AppDelegate.swift */; };
		B432F79624BC1F140062EDB0 /* GameScene.sks in Resources */ = {isa = PBXBuildFile; fileRef = B432F79524BC1F140062EDB0 /* GameScene.sks */; };
		B432F79824BC1F140062EDB0 /* Actions.sks in Resources */ = {isa = PBXBuildFile; fileRef = B432F79724BC1F140062EDB0 /* Actions.sks */; };
		B432F79A24BC1F140062EDB0 /* GameScene.swift in Sources */ = {isa = PBXBuildFile; fileRef = B432F79924BC1F140062EDB0 /* GameScene.swift */; };
		B432F79C24BC1F140062EDB0 /* GameViewController.swift in Sources */ = {isa = PBXBuildFile; fileRef = B432F79B24BC1F140062EDB0 /* GameViewController.swift */; };
		B432F79F24BC1F140062EDB0 /* Main.storyboard in Resources */ = {isa = PBXBuildFile; fileRef = B432F79D24BC1F140062EDB0 /* Main.storyboard */; };
		B432F7A124BC1F160062EDB0 /* Assets.xcassets in Resources */ = {isa = PBXBuildFile; fileRef = B432F7A024BC1F160062EDB0 /* Assets.xcassets */; };
		B432F7A424BC1F160062EDB0 /* LaunchScreen.storyboard in Resources */ = {isa = PBXBuildFile; fileRef = B432F7A224BC1F160062EDB0 /* LaunchScreen.storyboard */; };
		B432F7AF24BC1F160062EDB0 /* continentclimbTests.swift in Sources */ = {isa = PBXBuildFile; fileRef = B432F7AE24BC1F160062EDB0 /* continentclimbTests.swift */; };
		B432F7BA24BC1F160062EDB0 /* continentclimbUITests.swift in Sources */ = {isa = PBXBuildFile; fileRef = B432F7B924BC1F160062EDB0 /* continentclimbUITests.swift */; };
		B432F7C824BC268D0062EDB0 /* HomeScene.swift in Sources */ = {isa = PBXBuildFile; fileRef = B432F7C724BC268D0062EDB0 /* HomeScene.swift */; };
		B432F7CA24BC269D0062EDB0 /* MenuScene.swift in Sources */ = {isa = PBXBuildFile; fileRef = B432F7C924BC269D0062EDB0 /* MenuScene.swift */; };
		B43D02CC24BE48ED008BB9DE /* binary.jpg in Resources */ = {isa = PBXBuildFile; fileRef = B43D02CB24BE48ED008BB9DE /* binary.jpg */; };
		B43D02CE24BEA1B9008BB9DE /* target.png in Resources */ = {isa = PBXBuildFile; fileRef = B43D02CD24BEA1B9008BB9DE /* target.png */; };
		B43D02D024BEB0E1008BB9DE /* Brendohand-Regular.ps in Resources */ = {isa = PBXBuildFile; fileRef = B43D02CF24BEB0E1008BB9DE /* Brendohand-Regular.ps */; };
		B43D02D224BEB2FB008BB9DE /* comingsoon.png in Resources */ = {isa = PBXBuildFile; fileRef = B43D02D124BEB2FB008BB9DE /* comingsoon.png */; };
		B43D02D424BEB7F3008BB9DE /* lock.png in Resources */ = {isa = PBXBuildFile; fileRef = B43D02D324BEB7F3008BB9DE /* lock.png */; };
		B43D02DC24C02F90008BB9DE /* snowEffect.sks in Resources */ = {isa = PBXBuildFile; fileRef = B43D02DA24C02F90008BB9DE /* snowEffect.sks */; };
		B43D02DD24C02F90008BB9DE /* Assets.xcassets in Resources */ = {isa = PBXBuildFile; fileRef = B43D02DB24C02F90008BB9DE /* Assets.xcassets */; };
		B43D02DF24C03366008BB9DE /* snowgrounds.png in Resources */ = {isa = PBXBuildFile; fileRef = B43D02DE24C03366008BB9DE /* snowgrounds.png */; };
		B43D02E324C13D0A008BB9DE /* icybackground.png in Resources */ = {isa = PBXBuildFile; fileRef = B43D02E224C13D0A008BB9DE /* icybackground.png */; };
		B43EC5DC24C539D700B3EB47 /* snowyeti-8.png in Resources */ = {isa = PBXBuildFile; fileRef = B43EC5CA24C539D500B3EB47 /* snowyeti-8.png */; };
		B43EC5DD24C539D700B3EB47 /* snowyeti-13.png in Resources */ = {isa = PBXBuildFile; fileRef = B43EC5CB24C539D500B3EB47 /* snowyeti-13.png */; };
		B43EC5DE24C539D700B3EB47 /* snowyeti-16.png in Resources */ = {isa = PBXBuildFile; fileRef = B43EC5CC24C539D500B3EB47 /* snowyeti-16.png */; };
		B43EC5DF24C539D700B3EB47 /* snowyeti-7.png in Resources */ = {isa = PBXBuildFile; fileRef = B43EC5CD24C539D500B3EB47 /* snowyeti-7.png */; };
		B43EC5E124C539D700B3EB47 /* snowyeti-10.png in Resources */ = {isa = PBXBuildFile; fileRef = B43EC5CF24C539D600B3EB47 /* snowyeti-10.png */; };
		B43EC5E224C539D700B3EB47 /* snowyeti-3.png in Resources */ = {isa = PBXBuildFile; fileRef = B43EC5D024C539D600B3EB47 /* snowyeti-3.png */; };
		B43EC5E324C539D700B3EB47 /* snowyeti-9.png in Resources */ = {isa = PBXBuildFile; fileRef = B43EC5D124C539D600B3EB47 /* snowyeti-9.png */; };
		B43EC5E424C539D700B3EB47 /* snowyeti-5.png in Resources */ = {isa = PBXBuildFile; fileRef = B43EC5D224C539D600B3EB47 /* snowyeti-5.png */; };
		B43EC5E524C539D700B3EB47 /* snowyeti-12.png in Resources */ = {isa = PBXBuildFile; fileRef = B43EC5D324C539D600B3EB47 /* snowyeti-12.png */; };
		B43EC5E624C539D700B3EB47 /* snowyeti-15.png in Resources */ = {isa = PBXBuildFile; fileRef = B43EC5D424C539D600B3EB47 /* snowyeti-15.png */; };
		B43EC5E724C539D700B3EB47 /* snowyeti-17.png in Resources */ = {isa = PBXBuildFile; fileRef = B43EC5D524C539D600B3EB47 /* snowyeti-17.png */; };
		B43EC5E824C539D700B3EB47 /* snowyeti-18.png in Resources */ = {isa = PBXBuildFile; fileRef = B43EC5D624C539D600B3EB47 /* snowyeti-18.png */; };
		B43EC5E924C539D700B3EB47 /* snowyeti-2.png in Resources */ = {isa = PBXBuildFile; fileRef = B43EC5D724C539D600B3EB47 /* snowyeti-2.png */; };
		B43EC5EA24C539D700B3EB47 /* snowyeti-1.png in Resources */ = {isa = PBXBuildFile; fileRef = B43EC5D824C539D600B3EB47 /* snowyeti-1.png */; };
		B43EC5EB24C539D700B3EB47 /* snowyeti-4.png in Resources */ = {isa = PBXBuildFile; fileRef = B43EC5D924C539D700B3EB47 /* snowyeti-4.png */; };
		B43EC5EC24C539D700B3EB47 /* snowyeti-14.png in Resources */ = {isa = PBXBuildFile; fileRef = B43EC5DA24C539D700B3EB47 /* snowyeti-14.png */; };
		B43EC5ED24C539D700B3EB47 /* snowyeti-6.png in Resources */ = {isa = PBXBuildFile; fileRef = B43EC5DB24C539D700B3EB47 /* snowyeti-6.png */; };
		B43EC5EF24C541F000B3EB47 /* snowyeti-11.png in Resources */ = {isa = PBXBuildFile; fileRef = B43EC5EE24C541F000B3EB47 /* snowyeti-11.png */; };
		B4504D4724BE281A007E9014 /* mapp.png in Resources */ = {isa = PBXBuildFile; fileRef = B4504D4624BE281A007E9014 /* mapp.png */; };
		B4504D4924BE3770007E9014 /* Extensions.swift in Sources */ = {isa = PBXBuildFile; fileRef = B4504D4824BE3770007E9014 /* Extensions.swift */; };
		B4504D4B24BE4317007E9014 /* LazenbyComputer-Liquid.ps in Resources */ = {isa = PBXBuildFile; fileRef = B4504D4A24BE4317007E9014 /* LazenbyComputer-Liquid.ps */; };
		B4602C4B24C680F300B1E4EE /* desert.png in Resources */ = {isa = PBXBuildFile; fileRef = B4602C4A24C680F300B1E4EE /* desert.png */; };
		B4602C4F24C69AA500B1E4EE /* desertgrounds.png in Resources */ = {isa = PBXBuildFile; fileRef = B4602C4E24C69AA500B1E4EE /* desertgrounds.png */; };
		B4602C5124C69BC300B1E4EE /* PlistParser.swift in Sources */ = {isa = PBXBuildFile; fileRef = B4602C5024C69BC300B1E4EE /* PlistParser.swift */; };
		B479DE6F24C2CD4B00E3F2BE /* snowbol-4.png in Resources */ = {isa = PBXBuildFile; fileRef = B479DE6724C2CD4B00E3F2BE /* snowbol-4.png */; };
		B479DE7024C2CD4B00E3F2BE /* snowbol-1.png in Resources */ = {isa = PBXBuildFile; fileRef = B479DE6824C2CD4B00E3F2BE /* snowbol-1.png */; };
		B479DE7124C2CD4B00E3F2BE /* snowbol-2.png in Resources */ = {isa = PBXBuildFile; fileRef = B479DE6924C2CD4B00E3F2BE /* snowbol-2.png */; };
		B479DE7224C2CD4B00E3F2BE /* snowbol-7.png in Resources */ = {isa = PBXBuildFile; fileRef = B479DE6A24C2CD4B00E3F2BE /* snowbol-7.png */; };
		B479DE7324C2CD4B00E3F2BE /* snowbol-8.png in Resources */ = {isa = PBXBuildFile; fileRef = B479DE6B24C2CD4B00E3F2BE /* snowbol-8.png */; };
		B479DE7424C2CD4B00E3F2BE /* snowbol-5.png in Resources */ = {isa = PBXBuildFile; fileRef = B479DE6C24C2CD4B00E3F2BE /* snowbol-5.png */; };
		B479DE7524C2CD4B00E3F2BE /* snowbol-3.png in Resources */ = {isa = PBXBuildFile; fileRef = B479DE6D24C2CD4B00E3F2BE /* snowbol-3.png */; };
		B479DE7624C2CD4B00E3F2BE /* snowbol-6.png in Resources */ = {isa = PBXBuildFile; fileRef = B479DE6E24C2CD4B00E3F2BE /* snowbol-6.png */; };
		B48D2F9E24C23823009AD3FD /* evilsnowman-4.png in Resources */ = {isa = PBXBuildFile; fileRef = B48D2F9324C23823009AD3FD /* evilsnowman-4.png */; };
		B48D2F9F24C23823009AD3FD /* evilsnowman-8.png in Resources */ = {isa = PBXBuildFile; fileRef = B48D2F9424C23823009AD3FD /* evilsnowman-8.png */; };
		B48D2FA024C23823009AD3FD /* evilsnowman-0.5.png in Resources */ = {isa = PBXBuildFile; fileRef = B48D2F9524C23823009AD3FD /* evilsnowman-0.5.png */; };
		B48D2FA124C23823009AD3FD /* evilsnowman-7.png in Resources */ = {isa = PBXBuildFile; fileRef = B48D2F9624C23823009AD3FD /* evilsnowman-7.png */; };
		B48D2FA224C23823009AD3FD /* evilsnowman-2.png in Resources */ = {isa = PBXBuildFile; fileRef = B48D2F9724C23823009AD3FD /* evilsnowman-2.png */; };
		B48D2FA324C23823009AD3FD /* evilsnowman-10.png in Resources */ = {isa = PBXBuildFile; fileRef = B48D2F9824C23823009AD3FD /* evilsnowman-10.png */; };
		B48D2FA424C23823009AD3FD /* evilsnowman-3.png in Resources */ = {isa = PBXBuildFile; fileRef = B48D2F9924C23823009AD3FD /* evilsnowman-3.png */; };
		B48D2FA524C23823009AD3FD /* evilsnowman-1.png in Resources */ = {isa = PBXBuildFile; fileRef = B48D2F9A24C23823009AD3FD /* evilsnowman-1.png */; };
		B48D2FA624C23823009AD3FD /* evilsnowman-6.png in Resources */ = {isa = PBXBuildFile; fileRef = B48D2F9B24C23823009AD3FD /* evilsnowman-6.png */; };
		B48D2FA724C23823009AD3FD /* evilsnowman-9.png in Resources */ = {isa = PBXBuildFile; fileRef = B48D2F9C24C23823009AD3FD /* evilsnowman-9.png */; };
		B48D2FA824C23823009AD3FD /* evilsnowman-5.png in Resources */ = {isa = PBXBuildFile; fileRef = B48D2F9D24C23823009AD3FD /* evilsnowman-5.png */; };
		B495823E24BC2E4700BC1857 /* bobby-8.png in Resources */ = {isa = PBXBuildFile; fileRef = B495822E24BC2E4600BC1857 /* bobby-8.png */; };
		B495823F24BC2E4700BC1857 /* idle-1.png in Resources */ = {isa = PBXBuildFile; fileRef = B495822F24BC2E4600BC1857 /* idle-1.png */; };
		B495824024BC2E4700BC1857 /* bobby-10.png in Resources */ = {isa = PBXBuildFile; fileRef = B495823024BC2E4600BC1857 /* bobby-10.png */; };
		B495824124BC2E4700BC1857 /* bobby-14.png in Resources */ = {isa = PBXBuildFile; fileRef = B495823124BC2E4600BC1857 /* bobby-14.png */; };
		B495824224BC2E4700BC1857 /* bobby-11.png in Resources */ = {isa = PBXBuildFile; fileRef = B495823224BC2E4600BC1857 /* bobby-11.png */; };
		B495824324BC2E4700BC1857 /* bobby-13.png in Resources */ = {isa = PBXBuildFile; fileRef = B495823324BC2E4600BC1857 /* bobby-13.png */; };
		B495824424BC2E4700BC1857 /* bobby-15.png in Resources */ = {isa = PBXBuildFile; fileRef = B495823424BC2E4600BC1857 /* bobby-15.png */; };
		B495824524BC2E4700BC1857 /* bobby-7.png in Resources */ = {isa = PBXBuildFile; fileRef = B495823524BC2E4600BC1857 /* bobby-7.png */; };
		B495824624BC2E4700BC1857 /* idle-3.png in Resources */ = {isa = PBXBuildFile; fileRef = B495823624BC2E4600BC1857 /* idle-3.png */; };
		B495824724BC2E4700BC1857 /* idle-4.png in Resources */ = {isa = PBXBuildFile; fileRef = B495823724BC2E4600BC1857 /* idle-4.png */; };
		B495824824BC2E4700BC1857 /* bobby-5.png in Resources */ = {isa = PBXBuildFile; fileRef = B495823824BC2E4600BC1857 /* bobby-5.png */; };
		B495824924BC2E4700BC1857 /* bobby-12.png in Resources */ = {isa = PBXBuildFile; fileRef = B495823924BC2E4600BC1857 /* bobby-12.png */; };
		B495824A24BC2E4700BC1857 /* bobby-9.png in Resources */ = {isa = PBXBuildFile; fileRef = B495823A24BC2E4600BC1857 /* bobby-9.png */; };
		B495824B24BC2E4700BC1857 /* bobby-16.png in Resources */ = {isa = PBXBuildFile; fileRef = B495823B24BC2E4700BC1857 /* bobby-16.png */; };
		B495824C24BC2E4700BC1857 /* idle-2.png in Resources */ = {isa = PBXBuildFile; fileRef = B495823C24BC2E4700BC1857 /* idle-2.png */; };
		B495824D24BC2E4700BC1857 /* bobby-6.png in Resources */ = {isa = PBXBuildFile; fileRef = B495823D24BC2E4700BC1857 /* bobby-6.png */; };
		B495825324BC3A1700BC1857 /* starry.jpg in Resources */ = {isa = PBXBuildFile; fileRef = B495825224BC3A1700BC1857 /* starry.jpg */; };
		B495825624BC3F6800BC1857 /* MaassslicerItalic.ps in Resources */ = {isa = PBXBuildFile; fileRef = B495825524BC3F6800BC1857 /* MaassslicerItalic.ps */; };
		B495825D24BC437500BC1857 /* question-mark.png in Resources */ = {isa = PBXBuildFile; fileRef = B495825724BC437500BC1857 /* question-mark.png */; };
		B495825E24BC437500BC1857 /* home-icon.png in Resources */ = {isa = PBXBuildFile; fileRef = B495825824BC437500BC1857 /* home-icon.png */; };
		B495825F24BC437500BC1857 /* like-icon.png in Resources */ = {isa = PBXBuildFile; fileRef = B495825924BC437500BC1857 /* like-icon.png */; };
		B495826024BC437500BC1857 /* menu-icon.png in Resources */ = {isa = PBXBuildFile; fileRef = B495825A24BC437500BC1857 /* menu-icon.png */; };
		B495826124BC437500BC1857 /* volume-off.png in Resources */ = {isa = PBXBuildFile; fileRef = B495825B24BC437500BC1857 /* volume-off.png */; };
		B495826224BC437500BC1857 /* volume-on.png in Resources */ = {isa = PBXBuildFile; fileRef = B495825C24BC437500BC1857 /* volume-on.png */; };
		B495826424BC4BA300BC1857 /* BitPap.ps in Resources */ = {isa = PBXBuildFile; fileRef = B495826324BC4BA300BC1857 /* BitPap.ps */; };
		B4D77D1E24C7E7F500F5D335 /* coyote-14.png in Resources */ = {isa = PBXBuildFile; fileRef = B4D77D0C24C7E7F300F5D335 /* coyote-14.png */; };
		B4D77D1F24C7E7F500F5D335 /* coyote-11.png in Resources */ = {isa = PBXBuildFile; fileRef = B4D77D0D24C7E7F400F5D335 /* coyote-11.png */; };
		B4D77D2024C7E7F500F5D335 /* coyote-7.png in Resources */ = {isa = PBXBuildFile; fileRef = B4D77D0E24C7E7F400F5D335 /* coyote-7.png */; };
		B4D77D2124C7E7F500F5D335 /* coyote-6.png in Resources */ = {isa = PBXBuildFile; fileRef = B4D77D0F24C7E7F400F5D335 /* coyote-6.png */; };
		B4D77D2224C7E7F500F5D335 /* coyote-3.png in Resources */ = {isa = PBXBuildFile; fileRef = B4D77D1024C7E7F400F5D335 /* coyote-3.png */; };
		B4D77D2324C7E7F500F5D335 /* coyote-15.png in Resources */ = {isa = PBXBuildFile; fileRef = B4D77D1124C7E7F400F5D335 /* coyote-15.png */; };
		B4D77D2424C7E7F500F5D335 /* coyote-9.png in Resources */ = {isa = PBXBuildFile; fileRef = B4D77D1224C7E7F400F5D335 /* coyote-9.png */; };
		B4D77D2524C7E7F500F5D335 /* coyote-16.png in Resources */ = {isa = PBXBuildFile; fileRef = B4D77D1324C7E7F400F5D335 /* coyote-16.png */; };
		B4D77D2624C7E7F500F5D335 /* coyote-10.png in Resources */ = {isa = PBXBuildFile; fileRef = B4D77D1424C7E7F400F5D335 /* coyote-10.png */; };
		B4D77D2724C7E7F500F5D335 /* coyote-18.png in Resources */ = {isa = PBXBuildFile; fileRef = B4D77D1524C7E7F400F5D335 /* coyote-18.png */; };
		B4D77D2824C7E7F500F5D335 /* coyote-4.png in Resources */ = {isa = PBXBuildFile; fileRef = B4D77D1624C7E7F400F5D335 /* coyote-4.png */; };
		B4D77D2924C7E7F500F5D335 /* coyote-17.png in Resources */ = {isa = PBXBuildFile; fileRef = B4D77D1724C7E7F400F5D335 /* coyote-17.png */; };
		B4D77D2A24C7E7F500F5D335 /* coyote-12.png in Resources */ = {isa = PBXBuildFile; fileRef = B4D77D1824C7E7F400F5D335 /* coyote-12.png */; };
		B4D77D2B24C7E7F500F5D335 /* coyote-5.png in Resources */ = {isa = PBXBuildFile; fileRef = B4D77D1924C7E7F400F5D335 /* coyote-5.png */; };
		B4D77D2C24C7E7F500F5D335 /* coyote-13.png in Resources */ = {isa = PBXBuildFile; fileRef = B4D77D1A24C7E7F400F5D335 /* coyote-13.png */; };
		B4D77D2D24C7E7F500F5D335 /* coyote-8.png in Resources */ = {isa = PBXBuildFile; fileRef = B4D77D1B24C7E7F400F5D335 /* coyote-8.png */; };
		B4D77D2E24C7E7F500F5D335 /* coyote-2.png in Resources */ = {isa = PBXBuildFile; fileRef = B4D77D1C24C7E7F500F5D335 /* coyote-2.png */; };
		B4D77D2F24C7E7F500F5D335 /* coyote-1.png in Resources */ = {isa = PBXBuildFile; fileRef = B4D77D1D24C7E7F500F5D335 /* coyote-1.png */; };
		B4D77D3F24C820C800F5D335 /* snake-15.png in Resources */ = {isa = PBXBuildFile; fileRef = B4D77D3024C820C700F5D335 /* snake-15.png */; };
		B4D77D4024C820C800F5D335 /* snake-11.png in Resources */ = {isa = PBXBuildFile; fileRef = B4D77D3124C820C700F5D335 /* snake-11.png */; };
		B4D77D4124C820C800F5D335 /* snake-4.png in Resources */ = {isa = PBXBuildFile; fileRef = B4D77D3224C820C700F5D335 /* snake-4.png */; };
		B4D77D4224C820C800F5D335 /* snake-12.png in Resources */ = {isa = PBXBuildFile; fileRef = B4D77D3324C820C700F5D335 /* snake-12.png */; };
		B4D77D4324C820C800F5D335 /* snake-7.png in Resources */ = {isa = PBXBuildFile; fileRef = B4D77D3424C820C700F5D335 /* snake-7.png */; };
		B4D77D4424C820C800F5D335 /* snake-10.png in Resources */ = {isa = PBXBuildFile; fileRef = B4D77D3524C820C700F5D335 /* snake-10.png */; };
		B4D77D4524C820C800F5D335 /* snake-1.png in Resources */ = {isa = PBXBuildFile; fileRef = B4D77D3624C820C700F5D335 /* snake-1.png */; };
		B4D77D4624C820C800F5D335 /* snake-13.png in Resources */ = {isa = PBXBuildFile; fileRef = B4D77D3724C820C700F5D335 /* snake-13.png */; };
		B4D77D4724C820C800F5D335 /* snake-3.png in Resources */ = {isa = PBXBuildFile; fileRef = B4D77D3824C820C700F5D335 /* snake-3.png */; };
		B4D77D4824C820C800F5D335 /* snake-8.png in Resources */ = {isa = PBXBuildFile; fileRef = B4D77D3924C820C800F5D335 /* snake-8.png */; };
		B4D77D4924C820C800F5D335 /* snake-6.png in Resources */ = {isa = PBXBuildFile; fileRef = B4D77D3A24C820C800F5D335 /* snake-6.png */; };
		B4D77D4A24C820C800F5D335 /* snake-2.png in Resources */ = {isa = PBXBuildFile; fileRef = B4D77D3B24C820C800F5D335 /* snake-2.png */; };
		B4D77D4B24C820C800F5D335 /* snake-9.png in Resources */ = {isa = PBXBuildFile; fileRef = B4D77D3C24C820C800F5D335 /* snake-9.png */; };
		B4D77D4C24C820C800F5D335 /* snake-5.png in Resources */ = {isa = PBXBuildFile; fileRef = B4D77D3D24C820C800F5D335 /* snake-5.png */; };
		B4D77D4D24C820C800F5D335 /* snake-14.png in Resources */ = {isa = PBXBuildFile; fileRef = B4D77D3E24C820C800F5D335 /* snake-14.png */; };
		B4E5F48C24BD8E5D00A5A45D /* globe.png in Resources */ = {isa = PBXBuildFile; fileRef = B4E5F48B24BD8E5D00A5A45D /* globe.png */; };
/* End PBXBuildFile section */

/* Begin PBXContainerItemProxy section */
		B432F7AB24BC1F160062EDB0 /* PBXContainerItemProxy */ = {
			isa = PBXContainerItemProxy;
			containerPortal = B432F78824BC1F140062EDB0 /* Project object */;
			proxyType = 1;
			remoteGlobalIDString = B432F78F24BC1F140062EDB0;
			remoteInfo = continentclimb;
		};
		B432F7B624BC1F160062EDB0 /* PBXContainerItemProxy */ = {
			isa = PBXContainerItemProxy;
			containerPortal = B432F78824BC1F140062EDB0 /* Project object */;
			proxyType = 1;
			remoteGlobalIDString = B432F78F24BC1F140062EDB0;
			remoteInfo = continentclimb;
		};
/* End PBXContainerItemProxy section */

/* Begin PBXFileReference section */
		B432F79024BC1F140062EDB0 /* Continent Climb.app */ = {isa = PBXFileReference; explicitFileType = wrapper.application; includeInIndex = 0; path = "Continent Climb.app"; sourceTree = BUILT_PRODUCTS_DIR; };
		B432F79324BC1F140062EDB0 /* AppDelegate.swift */ = {isa = PBXFileReference; lastKnownFileType = sourcecode.swift; path = AppDelegate.swift; sourceTree = "<group>"; };
		B432F79524BC1F140062EDB0 /* GameScene.sks */ = {isa = PBXFileReference; lastKnownFileType = file.sks; path = GameScene.sks; sourceTree = "<group>"; };
		B432F79724BC1F140062EDB0 /* Actions.sks */ = {isa = PBXFileReference; lastKnownFileType = file.sks; path = Actions.sks; sourceTree = "<group>"; };
		B432F79924BC1F140062EDB0 /* GameScene.swift */ = {isa = PBXFileReference; lastKnownFileType = sourcecode.swift; path = GameScene.swift; sourceTree = "<group>"; };
		B432F79B24BC1F140062EDB0 /* GameViewController.swift */ = {isa = PBXFileReference; lastKnownFileType = sourcecode.swift; path = GameViewController.swift; sourceTree = "<group>"; };
		B432F79E24BC1F140062EDB0 /* Base */ = {isa = PBXFileReference; lastKnownFileType = file.storyboard; name = Base; path = Base.lproj/Main.storyboard; sourceTree = "<group>"; };
		B432F7A024BC1F160062EDB0 /* Assets.xcassets */ = {isa = PBXFileReference; lastKnownFileType = folder.assetcatalog; path = Assets.xcassets; sourceTree = "<group>"; };
		B432F7A324BC1F160062EDB0 /* Base */ = {isa = PBXFileReference; lastKnownFileType = file.storyboard; name = Base; path = Base.lproj/LaunchScreen.storyboard; sourceTree = "<group>"; };
		B432F7A524BC1F160062EDB0 /* Info.plist */ = {isa = PBXFileReference; lastKnownFileType = text.plist.xml; path = Info.plist; sourceTree = "<group>"; };
		B432F7AA24BC1F160062EDB0 /* continentclimbTests.xctest */ = {isa = PBXFileReference; explicitFileType = wrapper.cfbundle; includeInIndex = 0; path = continentclimbTests.xctest; sourceTree = BUILT_PRODUCTS_DIR; };
		B432F7AE24BC1F160062EDB0 /* continentclimbTests.swift */ = {isa = PBXFileReference; lastKnownFileType = sourcecode.swift; path = continentclimbTests.swift; sourceTree = "<group>"; };
		B432F7B024BC1F160062EDB0 /* Info.plist */ = {isa = PBXFileReference; lastKnownFileType = text.plist.xml; path = Info.plist; sourceTree = "<group>"; };
		B432F7B524BC1F160062EDB0 /* continentclimbUITests.xctest */ = {isa = PBXFileReference; explicitFileType = wrapper.cfbundle; includeInIndex = 0; path = continentclimbUITests.xctest; sourceTree = BUILT_PRODUCTS_DIR; };
		B432F7B924BC1F160062EDB0 /* continentclimbUITests.swift */ = {isa = PBXFileReference; lastKnownFileType = sourcecode.swift; path = continentclimbUITests.swift; sourceTree = "<group>"; };
		B432F7BB24BC1F160062EDB0 /* Info.plist */ = {isa = PBXFileReference; lastKnownFileType = text.plist.xml; path = Info.plist; sourceTree = "<group>"; };
		B432F7C724BC268D0062EDB0 /* HomeScene.swift */ = {isa = PBXFileReference; lastKnownFileType = sourcecode.swift; path = HomeScene.swift; sourceTree = "<group>"; };
		B432F7C924BC269D0062EDB0 /* MenuScene.swift */ = {isa = PBXFileReference; lastKnownFileType = sourcecode.swift; path = MenuScene.swift; sourceTree = "<group>"; };
		B43D02CB24BE48ED008BB9DE /* binary.jpg */ = {isa = PBXFileReference; lastKnownFileType = image.jpeg; path = binary.jpg; sourceTree = "<group>"; };
		B43D02CD24BEA1B9008BB9DE /* target.png */ = {isa = PBXFileReference; lastKnownFileType = image.png; path = target.png; sourceTree = "<group>"; };
		B43D02CF24BEB0E1008BB9DE /* Brendohand-Regular.ps */ = {isa = PBXFileReference; lastKnownFileType = file; path = "Brendohand-Regular.ps"; sourceTree = "<group>"; };
		B43D02D124BEB2FB008BB9DE /* comingsoon.png */ = {isa = PBXFileReference; lastKnownFileType = image.png; path = comingsoon.png; sourceTree = "<group>"; };
		B43D02D324BEB7F3008BB9DE /* lock.png */ = {isa = PBXFileReference; lastKnownFileType = image.png; path = lock.png; sourceTree = "<group>"; };
		B43D02DA24C02F90008BB9DE /* snowEffect.sks */ = {isa = PBXFileReference; lastKnownFileType = file.sks; path = snowEffect.sks; sourceTree = "<group>"; };
		B43D02DB24C02F90008BB9DE /* Assets.xcassets */ = {isa = PBXFileReference; lastKnownFileType = folder.assetcatalog; path = Assets.xcassets; sourceTree = "<group>"; };
		B43D02DE24C03366008BB9DE /* snowgrounds.png */ = {isa = PBXFileReference; lastKnownFileType = image.png; path = snowgrounds.png; sourceTree = "<group>"; };
		B43D02E224C13D0A008BB9DE /* icybackground.png */ = {isa = PBXFileReference; lastKnownFileType = image.png; path = icybackground.png; sourceTree = "<group>"; };
		B43EC5CA24C539D500B3EB47 /* snowyeti-8.png */ = {isa = PBXFileReference; lastKnownFileType = image.png; path = "snowyeti-8.png"; sourceTree = "<group>"; };
		B43EC5CB24C539D500B3EB47 /* snowyeti-13.png */ = {isa = PBXFileReference; lastKnownFileType = image.png; path = "snowyeti-13.png"; sourceTree = "<group>"; };
		B43EC5CC24C539D500B3EB47 /* snowyeti-16.png */ = {isa = PBXFileReference; lastKnownFileType = image.png; path = "snowyeti-16.png"; sourceTree = "<group>"; };
		B43EC5CD24C539D500B3EB47 /* snowyeti-7.png */ = {isa = PBXFileReference; lastKnownFileType = image.png; path = "snowyeti-7.png"; sourceTree = "<group>"; };
		B43EC5CF24C539D600B3EB47 /* snowyeti-10.png */ = {isa = PBXFileReference; lastKnownFileType = image.png; path = "snowyeti-10.png"; sourceTree = "<group>"; };
		B43EC5D024C539D600B3EB47 /* snowyeti-3.png */ = {isa = PBXFileReference; lastKnownFileType = image.png; path = "snowyeti-3.png"; sourceTree = "<group>"; };
		B43EC5D124C539D600B3EB47 /* snowyeti-9.png */ = {isa = PBXFileReference; lastKnownFileType = image.png; path = "snowyeti-9.png"; sourceTree = "<group>"; };
		B43EC5D224C539D600B3EB47 /* snowyeti-5.png */ = {isa = PBXFileReference; lastKnownFileType = image.png; path = "snowyeti-5.png"; sourceTree = "<group>"; };
		B43EC5D324C539D600B3EB47 /* snowyeti-12.png */ = {isa = PBXFileReference; lastKnownFileType = image.png; path = "snowyeti-12.png"; sourceTree = "<group>"; };
		B43EC5D424C539D600B3EB47 /* snowyeti-15.png */ = {isa = PBXFileReference; lastKnownFileType = image.png; path = "snowyeti-15.png"; sourceTree = "<group>"; };
		B43EC5D524C539D600B3EB47 /* snowyeti-17.png */ = {isa = PBXFileReference; lastKnownFileType = image.png; path = "snowyeti-17.png"; sourceTree = "<group>"; };
		B43EC5D624C539D600B3EB47 /* snowyeti-18.png */ = {isa = PBXFileReference; lastKnownFileType = image.png; path = "snowyeti-18.png"; sourceTree = "<group>"; };
		B43EC5D724C539D600B3EB47 /* snowyeti-2.png */ = {isa = PBXFileReference; lastKnownFileType = image.png; path = "snowyeti-2.png"; sourceTree = "<group>"; };
		B43EC5D824C539D600B3EB47 /* snowyeti-1.png */ = {isa = PBXFileReference; lastKnownFileType = image.png; path = "snowyeti-1.png"; sourceTree = "<group>"; };
		B43EC5D924C539D700B3EB47 /* snowyeti-4.png */ = {isa = PBXFileReference; lastKnownFileType = image.png; path = "snowyeti-4.png"; sourceTree = "<group>"; };
		B43EC5DA24C539D700B3EB47 /* snowyeti-14.png */ = {isa = PBXFileReference; lastKnownFileType = image.png; path = "snowyeti-14.png"; sourceTree = "<group>"; };
		B43EC5DB24C539D700B3EB47 /* snowyeti-6.png */ = {isa = PBXFileReference; lastKnownFileType = image.png; path = "snowyeti-6.png"; sourceTree = "<group>"; };
		B43EC5EE24C541F000B3EB47 /* snowyeti-11.png */ = {isa = PBXFileReference; lastKnownFileType = image.png; path = "snowyeti-11.png"; sourceTree = "<group>"; };
		B4504D4624BE281A007E9014 /* mapp.png */ = {isa = PBXFileReference; lastKnownFileType = image.png; name = mapp.png; path = ../../../../../../Downloads/mapp.png; sourceTree = "<group>"; };
		B4504D4824BE3770007E9014 /* Extensions.swift */ = {isa = PBXFileReference; lastKnownFileType = sourcecode.swift; path = Extensions.swift; sourceTree = "<group>"; };
		B4504D4A24BE4317007E9014 /* LazenbyComputer-Liquid.ps */ = {isa = PBXFileReference; lastKnownFileType = file; path = "LazenbyComputer-Liquid.ps"; sourceTree = "<group>"; };
		B4602C4A24C680F300B1E4EE /* desert.png */ = {isa = PBXFileReference; lastKnownFileType = image.png; path = desert.png; sourceTree = "<group>"; };
		B4602C4E24C69AA500B1E4EE /* desertgrounds.png */ = {isa = PBXFileReference; lastKnownFileType = image.png; path = desertgrounds.png; sourceTree = "<group>"; };
		B4602C5024C69BC300B1E4EE /* PlistParser.swift */ = {isa = PBXFileReference; lastKnownFileType = sourcecode.swift; path = PlistParser.swift; sourceTree = "<group>"; };
		B479DE6724C2CD4B00E3F2BE /* snowbol-4.png */ = {isa = PBXFileReference; lastKnownFileType = image.png; path = "snowbol-4.png"; sourceTree = "<group>"; };
		B479DE6824C2CD4B00E3F2BE /* snowbol-1.png */ = {isa = PBXFileReference; lastKnownFileType = image.png; path = "snowbol-1.png"; sourceTree = "<group>"; };
		B479DE6924C2CD4B00E3F2BE /* snowbol-2.png */ = {isa = PBXFileReference; lastKnownFileType = image.png; path = "snowbol-2.png"; sourceTree = "<group>"; };
		B479DE6A24C2CD4B00E3F2BE /* snowbol-7.png */ = {isa = PBXFileReference; lastKnownFileType = image.png; path = "snowbol-7.png"; sourceTree = "<group>"; };
		B479DE6B24C2CD4B00E3F2BE /* snowbol-8.png */ = {isa = PBXFileReference; lastKnownFileType = image.png; path = "snowbol-8.png"; sourceTree = "<group>"; };
		B479DE6C24C2CD4B00E3F2BE /* snowbol-5.png */ = {isa = PBXFileReference; lastKnownFileType = image.png; path = "snowbol-5.png"; sourceTree = "<group>"; };
		B479DE6D24C2CD4B00E3F2BE /* snowbol-3.png */ = {isa = PBXFileReference; lastKnownFileType = image.png; path = "snowbol-3.png"; sourceTree = "<group>"; };
		B479DE6E24C2CD4B00E3F2BE /* snowbol-6.png */ = {isa = PBXFileReference; lastKnownFileType = image.png; path = "snowbol-6.png"; sourceTree = "<group>"; };
		B48D2F9324C23823009AD3FD /* evilsnowman-4.png */ = {isa = PBXFileReference; lastKnownFileType = image.png; path = "evilsnowman-4.png"; sourceTree = "<group>"; };
		B48D2F9424C23823009AD3FD /* evilsnowman-8.png */ = {isa = PBXFileReference; lastKnownFileType = image.png; path = "evilsnowman-8.png"; sourceTree = "<group>"; };
		B48D2F9524C23823009AD3FD /* evilsnowman-0.5.png */ = {isa = PBXFileReference; lastKnownFileType = image.png; path = "evilsnowman-0.5.png"; sourceTree = "<group>"; };
		B48D2F9624C23823009AD3FD /* evilsnowman-7.png */ = {isa = PBXFileReference; lastKnownFileType = image.png; path = "evilsnowman-7.png"; sourceTree = "<group>"; };
		B48D2F9724C23823009AD3FD /* evilsnowman-2.png */ = {isa = PBXFileReference; lastKnownFileType = image.png; path = "evilsnowman-2.png"; sourceTree = "<group>"; };
		B48D2F9824C23823009AD3FD /* evilsnowman-10.png */ = {isa = PBXFileReference; lastKnownFileType = image.png; path = "evilsnowman-10.png"; sourceTree = "<group>"; };
		B48D2F9924C23823009AD3FD /* evilsnowman-3.png */ = {isa = PBXFileReference; lastKnownFileType = image.png; path = "evilsnowman-3.png"; sourceTree = "<group>"; };
		B48D2F9A24C23823009AD3FD /* evilsnowman-1.png */ = {isa = PBXFileReference; lastKnownFileType = image.png; path = "evilsnowman-1.png"; sourceTree = "<group>"; };
		B48D2F9B24C23823009AD3FD /* evilsnowman-6.png */ = {isa = PBXFileReference; lastKnownFileType = image.png; path = "evilsnowman-6.png"; sourceTree = "<group>"; };
		B48D2F9C24C23823009AD3FD /* evilsnowman-9.png */ = {isa = PBXFileReference; lastKnownFileType = image.png; path = "evilsnowman-9.png"; sourceTree = "<group>"; };
		B48D2F9D24C23823009AD3FD /* evilsnowman-5.png */ = {isa = PBXFileReference; lastKnownFileType = image.png; path = "evilsnowman-5.png"; sourceTree = "<group>"; };
		B495822E24BC2E4600BC1857 /* bobby-8.png */ = {isa = PBXFileReference; lastKnownFileType = image.png; path = "bobby-8.png"; sourceTree = "<group>"; };
		B495822F24BC2E4600BC1857 /* idle-1.png */ = {isa = PBXFileReference; lastKnownFileType = image.png; path = "idle-1.png"; sourceTree = "<group>"; };
		B495823024BC2E4600BC1857 /* bobby-10.png */ = {isa = PBXFileReference; lastKnownFileType = image.png; path = "bobby-10.png"; sourceTree = "<group>"; };
		B495823124BC2E4600BC1857 /* bobby-14.png */ = {isa = PBXFileReference; lastKnownFileType = image.png; path = "bobby-14.png"; sourceTree = "<group>"; };
		B495823224BC2E4600BC1857 /* bobby-11.png */ = {isa = PBXFileReference; lastKnownFileType = image.png; path = "bobby-11.png"; sourceTree = "<group>"; };
		B495823324BC2E4600BC1857 /* bobby-13.png */ = {isa = PBXFileReference; lastKnownFileType = image.png; path = "bobby-13.png"; sourceTree = "<group>"; };
		B495823424BC2E4600BC1857 /* bobby-15.png */ = {isa = PBXFileReference; lastKnownFileType = image.png; path = "bobby-15.png"; sourceTree = "<group>"; };
		B495823524BC2E4600BC1857 /* bobby-7.png */ = {isa = PBXFileReference; lastKnownFileType = image.png; path = "bobby-7.png"; sourceTree = "<group>"; };
		B495823624BC2E4600BC1857 /* idle-3.png */ = {isa = PBXFileReference; lastKnownFileType = image.png; path = "idle-3.png"; sourceTree = "<group>"; };
		B495823724BC2E4600BC1857 /* idle-4.png */ = {isa = PBXFileReference; lastKnownFileType = image.png; path = "idle-4.png"; sourceTree = "<group>"; };
		B495823824BC2E4600BC1857 /* bobby-5.png */ = {isa = PBXFileReference; lastKnownFileType = image.png; path = "bobby-5.png"; sourceTree = "<group>"; };
		B495823924BC2E4600BC1857 /* bobby-12.png */ = {isa = PBXFileReference; lastKnownFileType = image.png; path = "bobby-12.png"; sourceTree = "<group>"; };
		B495823A24BC2E4600BC1857 /* bobby-9.png */ = {isa = PBXFileReference; lastKnownFileType = image.png; path = "bobby-9.png"; sourceTree = "<group>"; };
		B495823B24BC2E4700BC1857 /* bobby-16.png */ = {isa = PBXFileReference; lastKnownFileType = image.png; path = "bobby-16.png"; sourceTree = "<group>"; };
		B495823C24BC2E4700BC1857 /* idle-2.png */ = {isa = PBXFileReference; lastKnownFileType = image.png; path = "idle-2.png"; sourceTree = "<group>"; };
		B495823D24BC2E4700BC1857 /* bobby-6.png */ = {isa = PBXFileReference; lastKnownFileType = image.png; path = "bobby-6.png"; sourceTree = "<group>"; };
		B495825224BC3A1700BC1857 /* starry.jpg */ = {isa = PBXFileReference; lastKnownFileType = image.jpeg; path = starry.jpg; sourceTree = "<group>"; };
		B495825524BC3F6800BC1857 /* MaassslicerItalic.ps */ = {isa = PBXFileReference; lastKnownFileType = file; path = MaassslicerItalic.ps; sourceTree = "<group>"; };
		B495825724BC437500BC1857 /* question-mark.png */ = {isa = PBXFileReference; lastKnownFileType = image.png; path = "question-mark.png"; sourceTree = "<group>"; };
		B495825824BC437500BC1857 /* home-icon.png */ = {isa = PBXFileReference; lastKnownFileType = image.png; path = "home-icon.png"; sourceTree = "<group>"; };
		B495825924BC437500BC1857 /* like-icon.png */ = {isa = PBXFileReference; lastKnownFileType = image.png; path = "like-icon.png"; sourceTree = "<group>"; };
		B495825A24BC437500BC1857 /* menu-icon.png */ = {isa = PBXFileReference; lastKnownFileType = image.png; path = "menu-icon.png"; sourceTree = "<group>"; };
		B495825B24BC437500BC1857 /* volume-off.png */ = {isa = PBXFileReference; lastKnownFileType = image.png; path = "volume-off.png"; sourceTree = "<group>"; };
		B495825C24BC437500BC1857 /* volume-on.png */ = {isa = PBXFileReference; lastKnownFileType = image.png; path = "volume-on.png"; sourceTree = "<group>"; };
		B495826324BC4BA300BC1857 /* BitPap.ps */ = {isa = PBXFileReference; lastKnownFileType = file; path = BitPap.ps; sourceTree = "<group>"; };
		B4D77D0C24C7E7F300F5D335 /* coyote-14.png */ = {isa = PBXFileReference; lastKnownFileType = image.png; path = "coyote-14.png"; sourceTree = "<group>"; };
		B4D77D0D24C7E7F400F5D335 /* coyote-11.png */ = {isa = PBXFileReference; lastKnownFileType = image.png; path = "coyote-11.png"; sourceTree = "<group>"; };
		B4D77D0E24C7E7F400F5D335 /* coyote-7.png */ = {isa = PBXFileReference; lastKnownFileType = image.png; path = "coyote-7.png"; sourceTree = "<group>"; };
		B4D77D0F24C7E7F400F5D335 /* coyote-6.png */ = {isa = PBXFileReference; lastKnownFileType = image.png; path = "coyote-6.png"; sourceTree = "<group>"; };
		B4D77D1024C7E7F400F5D335 /* coyote-3.png */ = {isa = PBXFileReference; lastKnownFileType = image.png; path = "coyote-3.png"; sourceTree = "<group>"; };
		B4D77D1124C7E7F400F5D335 /* coyote-15.png */ = {isa = PBXFileReference; lastKnownFileType = image.png; path = "coyote-15.png"; sourceTree = "<group>"; };
		B4D77D1224C7E7F400F5D335 /* coyote-9.png */ = {isa = PBXFileReference; lastKnownFileType = image.png; path = "coyote-9.png"; sourceTree = "<group>"; };
		B4D77D1324C7E7F400F5D335 /* coyote-16.png */ = {isa = PBXFileReference; lastKnownFileType = image.png; path = "coyote-16.png"; sourceTree = "<group>"; };
		B4D77D1424C7E7F400F5D335 /* coyote-10.png */ = {isa = PBXFileReference; lastKnownFileType = image.png; path = "coyote-10.png"; sourceTree = "<group>"; };
		B4D77D1524C7E7F400F5D335 /* coyote-18.png */ = {isa = PBXFileReference; lastKnownFileType = image.png; path = "coyote-18.png"; sourceTree = "<group>"; };
		B4D77D1624C7E7F400F5D335 /* coyote-4.png */ = {isa = PBXFileReference; lastKnownFileType = image.png; path = "coyote-4.png"; sourceTree = "<group>"; };
		B4D77D1724C7E7F400F5D335 /* coyote-17.png */ = {isa = PBXFileReference; lastKnownFileType = image.png; path = "coyote-17.png"; sourceTree = "<group>"; };
		B4D77D1824C7E7F400F5D335 /* coyote-12.png */ = {isa = PBXFileReference; lastKnownFileType = image.png; path = "coyote-12.png"; sourceTree = "<group>"; };
		B4D77D1924C7E7F400F5D335 /* coyote-5.png */ = {isa = PBXFileReference; lastKnownFileType = image.png; path = "coyote-5.png"; sourceTree = "<group>"; };
		B4D77D1A24C7E7F400F5D335 /* coyote-13.png */ = {isa = PBXFileReference; lastKnownFileType = image.png; path = "coyote-13.png"; sourceTree = "<group>"; };
		B4D77D1B24C7E7F400F5D335 /* coyote-8.png */ = {isa = PBXFileReference; lastKnownFileType = image.png; path = "coyote-8.png"; sourceTree = "<group>"; };
		B4D77D1C24C7E7F500F5D335 /* coyote-2.png */ = {isa = PBXFileReference; lastKnownFileType = image.png; path = "coyote-2.png"; sourceTree = "<group>"; };
		B4D77D1D24C7E7F500F5D335 /* coyote-1.png */ = {isa = PBXFileReference; lastKnownFileType = image.png; path = "coyote-1.png"; sourceTree = "<group>"; };
		B4D77D3024C820C700F5D335 /* snake-15.png */ = {isa = PBXFileReference; lastKnownFileType = image.png; path = "snake-15.png"; sourceTree = "<group>"; };
		B4D77D3124C820C700F5D335 /* snake-11.png */ = {isa = PBXFileReference; lastKnownFileType = image.png; path = "snake-11.png"; sourceTree = "<group>"; };
		B4D77D3224C820C700F5D335 /* snake-4.png */ = {isa = PBXFileReference; lastKnownFileType = image.png; path = "snake-4.png"; sourceTree = "<group>"; };
		B4D77D3324C820C700F5D335 /* snake-12.png */ = {isa = PBXFileReference; lastKnownFileType = image.png; path = "snake-12.png"; sourceTree = "<group>"; };
		B4D77D3424C820C700F5D335 /* snake-7.png */ = {isa = PBXFileReference; lastKnownFileType = image.png; path = "snake-7.png"; sourceTree = "<group>"; };
		B4D77D3524C820C700F5D335 /* snake-10.png */ = {isa = PBXFileReference; lastKnownFileType = image.png; path = "snake-10.png"; sourceTree = "<group>"; };
		B4D77D3624C820C700F5D335 /* snake-1.png */ = {isa = PBXFileReference; lastKnownFileType = image.png; path = "snake-1.png"; sourceTree = "<group>"; };
		B4D77D3724C820C700F5D335 /* snake-13.png */ = {isa = PBXFileReference; lastKnownFileType = image.png; path = "snake-13.png"; sourceTree = "<group>"; };
		B4D77D3824C820C700F5D335 /* snake-3.png */ = {isa = PBXFileReference; lastKnownFileType = image.png; path = "snake-3.png"; sourceTree = "<group>"; };
		B4D77D3924C820C800F5D335 /* snake-8.png */ = {isa = PBXFileReference; lastKnownFileType = image.png; path = "snake-8.png"; sourceTree = "<group>"; };
		B4D77D3A24C820C800F5D335 /* snake-6.png */ = {isa = PBXFileReference; lastKnownFileType = image.png; path = "snake-6.png"; sourceTree = "<group>"; };
		B4D77D3B24C820C800F5D335 /* snake-2.png */ = {isa = PBXFileReference; lastKnownFileType = image.png; path = "snake-2.png"; sourceTree = "<group>"; };
		B4D77D3C24C820C800F5D335 /* snake-9.png */ = {isa = PBXFileReference; lastKnownFileType = image.png; path = "snake-9.png"; sourceTree = "<group>"; };
		B4D77D3D24C820C800F5D335 /* snake-5.png */ = {isa = PBXFileReference; lastKnownFileType = image.png; path = "snake-5.png"; sourceTree = "<group>"; };
		B4D77D3E24C820C800F5D335 /* snake-14.png */ = {isa = PBXFileReference; lastKnownFileType = image.png; path = "snake-14.png"; sourceTree = "<group>"; };
		B4E5F48B24BD8E5D00A5A45D /* globe.png */ = {isa = PBXFileReference; lastKnownFileType = image.png; path = globe.png; sourceTree = "<group>"; };
/* End PBXFileReference section */

/* Begin PBXFrameworksBuildPhase section */
		B432F78D24BC1F140062EDB0 /* Frameworks */ = {
			isa = PBXFrameworksBuildPhase;
			buildActionMask = 2147483647;
			files = (
			);
			runOnlyForDeploymentPostprocessing = 0;
		};
		B432F7A724BC1F160062EDB0 /* Frameworks */ = {
			isa = PBXFrameworksBuildPhase;
			buildActionMask = 2147483647;
			files = (
			);
			runOnlyForDeploymentPostprocessing = 0;
		};
		B432F7B224BC1F160062EDB0 /* Frameworks */ = {
			isa = PBXFrameworksBuildPhase;
			buildActionMask = 2147483647;
			files = (
			);
			runOnlyForDeploymentPostprocessing = 0;
		};
/* End PBXFrameworksBuildPhase section */

/* Begin PBXGroup section */
		B432F78724BC1F140062EDB0 = {
			isa = PBXGroup;
			children = (
				B43D02D924C02F6E008BB9DE /* Particles */,
				B432F79224BC1F140062EDB0 /* continentclimb */,
				B432F7AD24BC1F160062EDB0 /* continentclimbTests */,
				B432F7B824BC1F160062EDB0 /* continentclimbUITests */,
				B432F79124BC1F140062EDB0 /* Products */,
			);
			sourceTree = "<group>";
		};
		B432F79124BC1F140062EDB0 /* Products */ = {
			isa = PBXGroup;
			children = (
				B432F79024BC1F140062EDB0 /* Continent Climb.app */,
				B432F7AA24BC1F160062EDB0 /* continentclimbTests.xctest */,
				B432F7B524BC1F160062EDB0 /* continentclimbUITests.xctest */,
			);
			name = Products;
			sourceTree = "<group>";
		};
		B432F79224BC1F140062EDB0 /* continentclimb */ = {
			isa = PBXGroup;
			children = (
				B432F79324BC1F140062EDB0 /* AppDelegate.swift */,
				B432F79524BC1F140062EDB0 /* GameScene.sks */,
				B432F79724BC1F140062EDB0 /* Actions.sks */,
				B432F7C724BC268D0062EDB0 /* HomeScene.swift */,
				B432F7C924BC269D0062EDB0 /* MenuScene.swift */,
				B4504D4824BE3770007E9014 /* Extensions.swift */,
				B432F79924BC1F140062EDB0 /* GameScene.swift */,
				B432F79B24BC1F140062EDB0 /* GameViewController.swift */,
				B4602C5024C69BC300B1E4EE /* PlistParser.swift */,
				B432F79D24BC1F140062EDB0 /* Main.storyboard */,
				B432F7A024BC1F160062EDB0 /* Assets.xcassets */,
				B495825424BC3E5F00BC1857 /* Fonts */,
				B432F7CE24BC28E20062EDB0 /* Sounds */,
				B432F7CB24BC28B40062EDB0 /* Images */,
				B432F7A224BC1F160062EDB0 /* LaunchScreen.storyboard */,
				B432F7A524BC1F160062EDB0 /* Info.plist */,
			);
			path = continentclimb;
			sourceTree = "<group>";
		};
		B432F7AD24BC1F160062EDB0 /* continentclimbTests */ = {
			isa = PBXGroup;
			children = (
				B432F7AE24BC1F160062EDB0 /* continentclimbTests.swift */,
				B432F7B024BC1F160062EDB0 /* Info.plist */,
			);
			path = continentclimbTests;
			sourceTree = "<group>";
		};
		B432F7B824BC1F160062EDB0 /* continentclimbUITests */ = {
			isa = PBXGroup;
			children = (
				B432F7B924BC1F160062EDB0 /* continentclimbUITests.swift */,
				B432F7BB24BC1F160062EDB0 /* Info.plist */,
			);
			path = continentclimbUITests;
			sourceTree = "<group>";
		};
		B432F7CB24BC28B40062EDB0 /* Images */ = {
			isa = PBXGroup;
			children = (
				B4602C4A24C680F300B1E4EE /* desert.png */,
				B4602C4E24C69AA500B1E4EE /* desertgrounds.png */,
				B4D77D3624C820C700F5D335 /* snake-1.png */,
				B4D77D3B24C820C800F5D335 /* snake-2.png */,
				B4D77D3824C820C700F5D335 /* snake-3.png */,
				B4D77D3224C820C700F5D335 /* snake-4.png */,
				B4D77D3D24C820C800F5D335 /* snake-5.png */,
				B4D77D3A24C820C800F5D335 /* snake-6.png */,
				B4D77D3424C820C700F5D335 /* snake-7.png */,
				B4D77D3924C820C800F5D335 /* snake-8.png */,
				B4D77D3C24C820C800F5D335 /* snake-9.png */,
				B4D77D3524C820C700F5D335 /* snake-10.png */,
				B4D77D3124C820C700F5D335 /* snake-11.png */,
				B4D77D3324C820C700F5D335 /* snake-12.png */,
				B4D77D3724C820C700F5D335 /* snake-13.png */,
				B4D77D3E24C820C800F5D335 /* snake-14.png */,
				B4D77D3024C820C700F5D335 /* snake-15.png */,
				B4D77D1D24C7E7F500F5D335 /* coyote-1.png */,
				B4D77D1C24C7E7F500F5D335 /* coyote-2.png */,
				B4D77D1024C7E7F400F5D335 /* coyote-3.png */,
				B4D77D1624C7E7F400F5D335 /* coyote-4.png */,
				B4D77D1924C7E7F400F5D335 /* coyote-5.png */,
				B4D77D0F24C7E7F400F5D335 /* coyote-6.png */,
				B4D77D0E24C7E7F400F5D335 /* coyote-7.png */,
				B4D77D1B24C7E7F400F5D335 /* coyote-8.png */,
				B4D77D1224C7E7F400F5D335 /* coyote-9.png */,
				B4D77D1424C7E7F400F5D335 /* coyote-10.png */,
				B4D77D0D24C7E7F400F5D335 /* coyote-11.png */,
				B4D77D1824C7E7F400F5D335 /* coyote-12.png */,
				B4D77D1A24C7E7F400F5D335 /* coyote-13.png */,
				B4D77D0C24C7E7F300F5D335 /* coyote-14.png */,
				B4D77D1124C7E7F400F5D335 /* coyote-15.png */,
				B4D77D1324C7E7F400F5D335 /* coyote-16.png */,
				B4D77D1724C7E7F400F5D335 /* coyote-17.png */,
				B4D77D1524C7E7F400F5D335 /* coyote-18.png */,
				B43EC5D824C539D600B3EB47 /* snowyeti-1.png */,
				B43EC5D724C539D600B3EB47 /* snowyeti-2.png */,
				B43EC5D024C539D600B3EB47 /* snowyeti-3.png */,
				B43EC5D924C539D700B3EB47 /* snowyeti-4.png */,
				B43EC5D224C539D600B3EB47 /* snowyeti-5.png */,
				B43EC5DB24C539D700B3EB47 /* snowyeti-6.png */,
				B43EC5CD24C539D500B3EB47 /* snowyeti-7.png */,
				B43EC5CA24C539D500B3EB47 /* snowyeti-8.png */,
				B43EC5D124C539D600B3EB47 /* snowyeti-9.png */,
				B43EC5CF24C539D600B3EB47 /* snowyeti-10.png */,
				B43EC5EE24C541F000B3EB47 /* snowyeti-11.png */,
				B43EC5D324C539D600B3EB47 /* snowyeti-12.png */,
				B43EC5CB24C539D500B3EB47 /* snowyeti-13.png */,
				B43EC5DA24C539D700B3EB47 /* snowyeti-14.png */,
				B43EC5D424C539D600B3EB47 /* snowyeti-15.png */,
				B43EC5CC24C539D500B3EB47 /* snowyeti-16.png */,
				B43EC5D524C539D600B3EB47 /* snowyeti-17.png */,
				B43EC5D624C539D600B3EB47 /* snowyeti-18.png */,
				B48D2F9524C23823009AD3FD /* evilsnowman-0.5.png */,
				B48D2F9A24C23823009AD3FD /* evilsnowman-1.png */,
				B48D2F9724C23823009AD3FD /* evilsnowman-2.png */,
				B48D2F9924C23823009AD3FD /* evilsnowman-3.png */,
				B48D2F9324C23823009AD3FD /* evilsnowman-4.png */,
				B48D2F9D24C23823009AD3FD /* evilsnowman-5.png */,
				B48D2F9B24C23823009AD3FD /* evilsnowman-6.png */,
				B479DE6824C2CD4B00E3F2BE /* snowbol-1.png */,
				B479DE6924C2CD4B00E3F2BE /* snowbol-2.png */,
				B479DE6D24C2CD4B00E3F2BE /* snowbol-3.png */,
				B479DE6724C2CD4B00E3F2BE /* snowbol-4.png */,
				B479DE6C24C2CD4B00E3F2BE /* snowbol-5.png */,
				B479DE6E24C2CD4B00E3F2BE /* snowbol-6.png */,
				B479DE6A24C2CD4B00E3F2BE /* snowbol-7.png */,
				B479DE6B24C2CD4B00E3F2BE /* snowbol-8.png */,
				B48D2F9624C23823009AD3FD /* evilsnowman-7.png */,
				B48D2F9424C23823009AD3FD /* evilsnowman-8.png */,
				B48D2F9C24C23823009AD3FD /* evilsnowman-9.png */,
				B48D2F9824C23823009AD3FD /* evilsnowman-10.png */,
				B4E5F48B24BD8E5D00A5A45D /* globe.png */,
				B43D02E224C13D0A008BB9DE /* icybackground.png */,
				B43D02DE24C03366008BB9DE /* snowgrounds.png */,
				B43D02D324BEB7F3008BB9DE /* lock.png */,
				B43D02D124BEB2FB008BB9DE /* comingsoon.png */,
				B43D02CB24BE48ED008BB9DE /* binary.jpg */,
				B43D02CD24BEA1B9008BB9DE /* target.png */,
				B4504D4624BE281A007E9014 /* mapp.png */,
				B495825824BC437500BC1857 /* home-icon.png */,
				B495825924BC437500BC1857 /* like-icon.png */,
				B495825A24BC437500BC1857 /* menu-icon.png */,
				B495825724BC437500BC1857 /* question-mark.png */,
				B495825B24BC437500BC1857 /* volume-off.png */,
				B495825C24BC437500BC1857 /* volume-on.png */,
				B495822F24BC2E4600BC1857 /* idle-1.png */,
				B495823C24BC2E4700BC1857 /* idle-2.png */,
				B495823624BC2E4600BC1857 /* idle-3.png */,
				B495823724BC2E4600BC1857 /* idle-4.png */,
				B495823824BC2E4600BC1857 /* bobby-5.png */,
				B495823D24BC2E4700BC1857 /* bobby-6.png */,
				B495823524BC2E4600BC1857 /* bobby-7.png */,
				B495822E24BC2E4600BC1857 /* bobby-8.png */,
				B495823A24BC2E4600BC1857 /* bobby-9.png */,
				B495823024BC2E4600BC1857 /* bobby-10.png */,
				B495823224BC2E4600BC1857 /* bobby-11.png */,
				B495823924BC2E4600BC1857 /* bobby-12.png */,
				B495823324BC2E4600BC1857 /* bobby-13.png */,
				B495823124BC2E4600BC1857 /* bobby-14.png */,
				B495823424BC2E4600BC1857 /* bobby-15.png */,
				B495823B24BC2E4700BC1857 /* bobby-16.png */,
				B495825224BC3A1700BC1857 /* starry.jpg */,
			);
			path = Images;
			sourceTree = "<group>";
		};
		B432F7CE24BC28E20062EDB0 /* Sounds */ = {
			isa = PBXGroup;
			children = (
			);
			path = Sounds;
			sourceTree = "<group>";
		};
		B43D02D924C02F6E008BB9DE /* Particles */ = {
			isa = PBXGroup;
			children = (
				B43D02DA24C02F90008BB9DE /* snowEffect.sks */,
				B43D02DB24C02F90008BB9DE /* Assets.xcassets */,
			);
			path = Particles;
			sourceTree = "<group>";
		};
		B495825424BC3E5F00BC1857 /* Fonts */ = {
			isa = PBXGroup;
			children = (
				B43D02CF24BEB0E1008BB9DE /* Brendohand-Regular.ps */,
				B4504D4A24BE4317007E9014 /* LazenbyComputer-Liquid.ps */,
				B495825524BC3F6800BC1857 /* MaassslicerItalic.ps */,
				B495826324BC4BA300BC1857 /* BitPap.ps */,
			);
			path = Fonts;
			sourceTree = "<group>";
		};
/* End PBXGroup section */

/* Begin PBXNativeTarget section */
		B432F78F24BC1F140062EDB0 /* continentclimb */ = {
			isa = PBXNativeTarget;
			buildConfigurationList = B432F7BE24BC1F160062EDB0 /* Build configuration list for PBXNativeTarget "continentclimb" */;
			buildPhases = (
				B432F78C24BC1F140062EDB0 /* Sources */,
				B432F78D24BC1F140062EDB0 /* Frameworks */,
				B432F78E24BC1F140062EDB0 /* Resources */,
			);
			buildRules = (
			);
			dependencies = (
			);
			name = continentclimb;
			productName = continentclimb;
			productReference = B432F79024BC1F140062EDB0 /* Continent Climb.app */;
			productType = "com.apple.product-type.application";
		};
		B432F7A924BC1F160062EDB0 /* continentclimbTests */ = {
			isa = PBXNativeTarget;
			buildConfigurationList = B432F7C124BC1F160062EDB0 /* Build configuration list for PBXNativeTarget "continentclimbTests" */;
			buildPhases = (
				B432F7A624BC1F160062EDB0 /* Sources */,
				B432F7A724BC1F160062EDB0 /* Frameworks */,
				B432F7A824BC1F160062EDB0 /* Resources */,
			);
			buildRules = (
			);
			dependencies = (
				B432F7AC24BC1F160062EDB0 /* PBXTargetDependency */,
			);
			name = continentclimbTests;
			productName = continentclimbTests;
			productReference = B432F7AA24BC1F160062EDB0 /* continentclimbTests.xctest */;
			productType = "com.apple.product-type.bundle.unit-test";
		};
		B432F7B424BC1F160062EDB0 /* continentclimbUITests */ = {
			isa = PBXNativeTarget;
			buildConfigurationList = B432F7C424BC1F160062EDB0 /* Build configuration list for PBXNativeTarget "continentclimbUITests" */;
			buildPhases = (
				B432F7B124BC1F160062EDB0 /* Sources */,
				B432F7B224BC1F160062EDB0 /* Frameworks */,
				B432F7B324BC1F160062EDB0 /* Resources */,
			);
			buildRules = (
			);
			dependencies = (
				B432F7B724BC1F160062EDB0 /* PBXTargetDependency */,
			);
			name = continentclimbUITests;
			productName = continentclimbUITests;
			productReference = B432F7B524BC1F160062EDB0 /* continentclimbUITests.xctest */;
			productType = "com.apple.product-type.bundle.ui-testing";
		};
/* End PBXNativeTarget section */

/* Begin PBXProject section */
		B432F78824BC1F140062EDB0 /* Project object */ = {
			isa = PBXProject;
			attributes = {
				LastSwiftUpdateCheck = 1150;
				LastUpgradeCheck = 1150;
				ORGANIZATIONNAME = "Brian Limaye";
				TargetAttributes = {
					B432F78F24BC1F140062EDB0 = {
						CreatedOnToolsVersion = 11.5;
					};
					B432F7A924BC1F160062EDB0 = {
						CreatedOnToolsVersion = 11.5;
						TestTargetID = B432F78F24BC1F140062EDB0;
					};
					B432F7B424BC1F160062EDB0 = {
						CreatedOnToolsVersion = 11.5;
						TestTargetID = B432F78F24BC1F140062EDB0;
					};
				};
			};
			buildConfigurationList = B432F78B24BC1F140062EDB0 /* Build configuration list for PBXProject "continentclimb" */;
			compatibilityVersion = "Xcode 9.3";
			developmentRegion = en;
			hasScannedForEncodings = 0;
			knownRegions = (
				en,
				Base,
			);
			mainGroup = B432F78724BC1F140062EDB0;
			productRefGroup = B432F79124BC1F140062EDB0 /* Products */;
			projectDirPath = "";
			projectRoot = "";
			targets = (
				B432F78F24BC1F140062EDB0 /* continentclimb */,
				B432F7A924BC1F160062EDB0 /* continentclimbTests */,
				B432F7B424BC1F160062EDB0 /* continentclimbUITests */,
			);
		};
/* End PBXProject section */

/* Begin PBXResourcesBuildPhase section */
		B432F78E24BC1F140062EDB0 /* Resources */ = {
			isa = PBXResourcesBuildPhase;
			buildActionMask = 2147483647;
			files = (
				B43D02CC24BE48ED008BB9DE /* binary.jpg in Resources */,
				B43D02E324C13D0A008BB9DE /* icybackground.png in Resources */,
				B4D77D2224C7E7F500F5D335 /* coyote-3.png in Resources */,
				B4D77D2624C7E7F500F5D335 /* coyote-10.png in Resources */,
				B495824524BC2E4700BC1857 /* bobby-7.png in Resources */,
				B43EC5E424C539D700B3EB47 /* snowyeti-5.png in Resources */,
				B4D77D4B24C820C800F5D335 /* snake-9.png in Resources */,
				B495826124BC437500BC1857 /* volume-off.png in Resources */,
				B43EC5E324C539D700B3EB47 /* snowyeti-9.png in Resources */,
				B432F79F24BC1F140062EDB0 /* Main.storyboard in Resources */,
				B479DE6F24C2CD4B00E3F2BE /* snowbol-4.png in Resources */,
				B43EC5E124C539D700B3EB47 /* snowyeti-10.png in Resources */,
				B479DE7024C2CD4B00E3F2BE /* snowbol-1.png in Resources */,
				B495825E24BC437500BC1857 /* home-icon.png in Resources */,
				B432F79624BC1F140062EDB0 /* GameScene.sks in Resources */,
				B495824324BC2E4700BC1857 /* bobby-13.png in Resources */,
				B43EC5E524C539D700B3EB47 /* snowyeti-12.png in Resources */,
				B432F7A124BC1F160062EDB0 /* Assets.xcassets in Resources */,
				B495824124BC2E4700BC1857 /* bobby-14.png in Resources */,
				B495823F24BC2E4700BC1857 /* idle-1.png in Resources */,
				B43D02D024BEB0E1008BB9DE /* Brendohand-Regular.ps in Resources */,
				B43EC5DC24C539D700B3EB47 /* snowyeti-8.png in Resources */,
				B4D77D4024C820C800F5D335 /* snake-11.png in Resources */,
				B4D77D2124C7E7F500F5D335 /* coyote-6.png in Resources */,
				B4504D4724BE281A007E9014 /* mapp.png in Resources */,
				B4D77D2E24C7E7F500F5D335 /* coyote-2.png in Resources */,
				B43D02D424BEB7F3008BB9DE /* lock.png in Resources */,
				B43EC5E224C539D700B3EB47 /* snowyeti-3.png in Resources */,
				B4D77D4A24C820C800F5D335 /* snake-2.png in Resources */,
				B4D77D1F24C7E7F500F5D335 /* coyote-11.png in Resources */,
				B495824D24BC2E4700BC1857 /* bobby-6.png in Resources */,
				B4504D4B24BE4317007E9014 /* LazenbyComputer-Liquid.ps in Resources */,
				B4D77D4824C820C800F5D335 /* snake-8.png in Resources */,
				B43EC5EA24C539D700B3EB47 /* snowyeti-1.png in Resources */,
				B495823E24BC2E4700BC1857 /* bobby-8.png in Resources */,
				B479DE7624C2CD4B00E3F2BE /* snowbol-6.png in Resources */,
				B43EC5EB24C539D700B3EB47 /* snowyeti-4.png in Resources */,
				B4D77D2724C7E7F500F5D335 /* coyote-18.png in Resources */,
				B4D77D2A24C7E7F500F5D335 /* coyote-12.png in Resources */,
				B48D2FA424C23823009AD3FD /* evilsnowman-3.png in Resources */,
				B495824924BC2E4700BC1857 /* bobby-12.png in Resources */,
				B4D77D2C24C7E7F500F5D335 /* coyote-13.png in Resources */,
				B4D77D4C24C820C800F5D335 /* snake-5.png in Resources */,
				B43D02DC24C02F90008BB9DE /* snowEffect.sks in Resources */,
				B43EC5DE24C539D700B3EB47 /* snowyeti-16.png in Resources */,
				B4D77D4224C820C800F5D335 /* snake-12.png in Resources */,
				B48D2F9E24C23823009AD3FD /* evilsnowman-4.png in Resources */,
				B495824224BC2E4700BC1857 /* bobby-11.png in Resources */,
				B495825D24BC437500BC1857 /* question-mark.png in Resources */,
				B48D2FA324C23823009AD3FD /* evilsnowman-10.png in Resources */,
				B4E5F48C24BD8E5D00A5A45D /* globe.png in Resources */,
				B4D77D2024C7E7F500F5D335 /* coyote-7.png in Resources */,
				B48D2FA624C23823009AD3FD /* evilsnowman-6.png in Resources */,
				B495824624BC2E4700BC1857 /* idle-3.png in Resources */,
				B43D02CE24BEA1B9008BB9DE /* target.png in Resources */,
				B4D77D2D24C7E7F500F5D335 /* coyote-8.png in Resources */,
				B43EC5EF24C541F000B3EB47 /* snowyeti-11.png in Resources */,
				B495824424BC2E4700BC1857 /* bobby-15.png in Resources */,
				B4D77D2924C7E7F500F5D335 /* coyote-17.png in Resources */,
				B495824B24BC2E4700BC1857 /* bobby-16.png in Resources */,
				B479DE7524C2CD4B00E3F2BE /* snowbol-3.png in Resources */,
				B43EC5EC24C539D700B3EB47 /* snowyeti-14.png in Resources */,
				B4D77D4124C820C800F5D335 /* snake-4.png in Resources */,
				B4D77D2524C7E7F500F5D335 /* coyote-16.png in Resources */,
				B4D77D4324C820C800F5D335 /* snake-7.png in Resources */,
				B48D2FA024C23823009AD3FD /* evilsnowman-0.5.png in Resources */,
				B4D77D4524C820C800F5D335 /* snake-1.png in Resources */,
				B43D02DF24C03366008BB9DE /* snowgrounds.png in Resources */,
				B43D02DD24C02F90008BB9DE /* Assets.xcassets in Resources */,
				B479DE7124C2CD4B00E3F2BE /* snowbol-2.png in Resources */,
				B495825624BC3F6800BC1857 /* MaassslicerItalic.ps in Resources */,
				B43EC5ED24C539D700B3EB47 /* snowyeti-6.png in Resources */,
				B48D2FA524C23823009AD3FD /* evilsnowman-1.png in Resources */,
				B4D77D2824C7E7F500F5D335 /* coyote-4.png in Resources */,
				B4D77D2424C7E7F500F5D335 /* coyote-9.png in Resources */,
				B4602C4B24C680F300B1E4EE /* desert.png in Resources */,
				B4D77D4924C820C800F5D335 /* snake-6.png in Resources */,
				B4D77D4724C820C800F5D335 /* snake-3.png in Resources */,
				B479DE7224C2CD4B00E3F2BE /* snowbol-7.png in Resources */,
				B43EC5DF24C539D700B3EB47 /* snowyeti-7.png in Resources */,
				B4D77D4624C820C800F5D335 /* snake-13.png in Resources */,
				B4D77D1E24C7E7F500F5D335 /* coyote-14.png in Resources */,
				B495824A24BC2E4700BC1857 /* bobby-9.png in Resources */,
				B479DE7424C2CD4B00E3F2BE /* snowbol-5.png in Resources */,
				B43EC5DD24C539D700B3EB47 /* snowyeti-13.png in Resources */,
				B43EC5E924C539D700B3EB47 /* snowyeti-2.png in Resources */,
				B4D77D2F24C7E7F500F5D335 /* coyote-1.png in Resources */,
				B432F7A424BC1F160062EDB0 /* LaunchScreen.storyboard in Resources */,
				B4D77D4424C820C800F5D335 /* snake-10.png in Resources */,
				B43D02D224BEB2FB008BB9DE /* comingsoon.png in Resources */,
				B495826224BC437500BC1857 /* volume-on.png in Resources */,
				B48D2FA224C23823009AD3FD /* evilsnowman-2.png in Resources */,
				B495826424BC4BA300BC1857 /* BitPap.ps in Resources */,
				B4D77D3F24C820C800F5D335 /* snake-15.png in Resources */,
				B432F79824BC1F140062EDB0 /* Actions.sks in Resources */,
				B495825F24BC437500BC1857 /* like-icon.png in Resources */,
				B495825324BC3A1700BC1857 /* starry.jpg in Resources */,
				B495826024BC437500BC1857 /* menu-icon.png in Resources */,
				B43EC5E724C539D700B3EB47 /* snowyeti-17.png in Resources */,
				B495824724BC2E4700BC1857 /* idle-4.png in Resources */,
				B48D2F9F24C23823009AD3FD /* evilsnowman-8.png in Resources */,
				B479DE7324C2CD4B00E3F2BE /* snowbol-8.png in Resources */,
				B495824824BC2E4700BC1857 /* bobby-5.png in Resources */,
				B495824024BC2E4700BC1857 /* bobby-10.png in Resources */,
				B43EC5E824C539D700B3EB47 /* snowyeti-18.png in Resources */,
				B48D2FA824C23823009AD3FD /* evilsnowman-5.png in Resources */,
				B4D77D2324C7E7F500F5D335 /* coyote-15.png in Resources */,
				B4D77D4D24C820C800F5D335 /* snake-14.png in Resources */,
				B4D77D2B24C7E7F500F5D335 /* coyote-5.png in Resources */,
				B48D2FA724C23823009AD3FD /* evilsnowman-9.png in Resources */,
				B495824C24BC2E4700BC1857 /* idle-2.png in Resources */,
				B48D2FA124C23823009AD3FD /* evilsnowman-7.png in Resources */,
				B43EC5E624C539D700B3EB47 /* snowyeti-15.png in Resources */,
				B4602C4F24C69AA500B1E4EE /* desertgrounds.png in Resources */,
			);
			runOnlyForDeploymentPostprocessing = 0;
		};
		B432F7A824BC1F160062EDB0 /* Resources */ = {
			isa = PBXResourcesBuildPhase;
			buildActionMask = 2147483647;
			files = (
			);
			runOnlyForDeploymentPostprocessing = 0;
		};
		B432F7B324BC1F160062EDB0 /* Resources */ = {
			isa = PBXResourcesBuildPhase;
			buildActionMask = 2147483647;
			files = (
			);
			runOnlyForDeploymentPostprocessing = 0;
		};
/* End PBXResourcesBuildPhase section */

/* Begin PBXSourcesBuildPhase section */
		B432F78C24BC1F140062EDB0 /* Sources */ = {
			isa = PBXSourcesBuildPhase;
			buildActionMask = 2147483647;
			files = (
				B4602C5124C69BC300B1E4EE /* PlistParser.swift in Sources */,
				B432F79A24BC1F140062EDB0 /* GameScene.swift in Sources */,
				B4504D4924BE3770007E9014 /* Extensions.swift in Sources */,
				B432F7C824BC268D0062EDB0 /* HomeScene.swift in Sources */,
				B432F7CA24BC269D0062EDB0 /* MenuScene.swift in Sources */,
				B432F79C24BC1F140062EDB0 /* GameViewController.swift in Sources */,
				B432F79424BC1F140062EDB0 /* AppDelegate.swift in Sources */,
			);
			runOnlyForDeploymentPostprocessing = 0;
		};
		B432F7A624BC1F160062EDB0 /* Sources */ = {
			isa = PBXSourcesBuildPhase;
			buildActionMask = 2147483647;
			files = (
				B432F7AF24BC1F160062EDB0 /* continentclimbTests.swift in Sources */,
			);
			runOnlyForDeploymentPostprocessing = 0;
		};
		B432F7B124BC1F160062EDB0 /* Sources */ = {
			isa = PBXSourcesBuildPhase;
			buildActionMask = 2147483647;
			files = (
				B432F7BA24BC1F160062EDB0 /* continentclimbUITests.swift in Sources */,
			);
			runOnlyForDeploymentPostprocessing = 0;
		};
/* End PBXSourcesBuildPhase section */

/* Begin PBXTargetDependency section */
		B432F7AC24BC1F160062EDB0 /* PBXTargetDependency */ = {
			isa = PBXTargetDependency;
			target = B432F78F24BC1F140062EDB0 /* continentclimb */;
			targetProxy = B432F7AB24BC1F160062EDB0 /* PBXContainerItemProxy */;
		};
		B432F7B724BC1F160062EDB0 /* PBXTargetDependency */ = {
			isa = PBXTargetDependency;
			target = B432F78F24BC1F140062EDB0 /* continentclimb */;
			targetProxy = B432F7B624BC1F160062EDB0 /* PBXContainerItemProxy */;
		};
/* End PBXTargetDependency section */

/* Begin PBXVariantGroup section */
		B432F79D24BC1F140062EDB0 /* Main.storyboard */ = {
			isa = PBXVariantGroup;
			children = (
				B432F79E24BC1F140062EDB0 /* Base */,
			);
			name = Main.storyboard;
			sourceTree = "<group>";
		};
		B432F7A224BC1F160062EDB0 /* LaunchScreen.storyboard */ = {
			isa = PBXVariantGroup;
			children = (
				B432F7A324BC1F160062EDB0 /* Base */,
			);
			name = LaunchScreen.storyboard;
			sourceTree = "<group>";
		};
/* End PBXVariantGroup section */

/* Begin XCBuildConfiguration section */
		B432F7BC24BC1F160062EDB0 /* Debug */ = {
			isa = XCBuildConfiguration;
			buildSettings = {
				ALWAYS_SEARCH_USER_PATHS = NO;
				CLANG_ANALYZER_NONNULL = YES;
				CLANG_ANALYZER_NUMBER_OBJECT_CONVERSION = YES_AGGRESSIVE;
				CLANG_CXX_LANGUAGE_STANDARD = "gnu++14";
				CLANG_CXX_LIBRARY = "libc++";
				CLANG_ENABLE_MODULES = YES;
				CLANG_ENABLE_OBJC_ARC = YES;
				CLANG_ENABLE_OBJC_WEAK = YES;
				CLANG_WARN_BLOCK_CAPTURE_AUTORELEASING = YES;
				CLANG_WARN_BOOL_CONVERSION = YES;
				CLANG_WARN_COMMA = YES;
				CLANG_WARN_CONSTANT_CONVERSION = YES;
				CLANG_WARN_DEPRECATED_OBJC_IMPLEMENTATIONS = YES;
				CLANG_WARN_DIRECT_OBJC_ISA_USAGE = YES_ERROR;
				CLANG_WARN_DOCUMENTATION_COMMENTS = YES;
				CLANG_WARN_EMPTY_BODY = YES;
				CLANG_WARN_ENUM_CONVERSION = YES;
				CLANG_WARN_INFINITE_RECURSION = YES;
				CLANG_WARN_INT_CONVERSION = YES;
				CLANG_WARN_NON_LITERAL_NULL_CONVERSION = YES;
				CLANG_WARN_OBJC_IMPLICIT_RETAIN_SELF = YES;
				CLANG_WARN_OBJC_LITERAL_CONVERSION = YES;
				CLANG_WARN_OBJC_ROOT_CLASS = YES_ERROR;
				CLANG_WARN_RANGE_LOOP_ANALYSIS = YES;
				CLANG_WARN_STRICT_PROTOTYPES = YES;
				CLANG_WARN_SUSPICIOUS_MOVE = YES;
				CLANG_WARN_UNGUARDED_AVAILABILITY = YES_AGGRESSIVE;
				CLANG_WARN_UNREACHABLE_CODE = YES;
				CLANG_WARN__DUPLICATE_METHOD_MATCH = YES;
				COPY_PHASE_STRIP = NO;
				DEBUG_INFORMATION_FORMAT = dwarf;
				ENABLE_STRICT_OBJC_MSGSEND = YES;
				ENABLE_TESTABILITY = YES;
				GCC_C_LANGUAGE_STANDARD = gnu11;
				GCC_DYNAMIC_NO_PIC = NO;
				GCC_NO_COMMON_BLOCKS = YES;
				GCC_OPTIMIZATION_LEVEL = 0;
				GCC_PREPROCESSOR_DEFINITIONS = (
					"DEBUG=1",
					"$(inherited)",
				);
				GCC_WARN_64_TO_32_BIT_CONVERSION = YES;
				GCC_WARN_ABOUT_RETURN_TYPE = YES_ERROR;
				GCC_WARN_UNDECLARED_SELECTOR = YES;
				GCC_WARN_UNINITIALIZED_AUTOS = YES_AGGRESSIVE;
				GCC_WARN_UNUSED_FUNCTION = YES;
				GCC_WARN_UNUSED_VARIABLE = YES;
				IPHONEOS_DEPLOYMENT_TARGET = 13.5;
				MTL_ENABLE_DEBUG_INFO = INCLUDE_SOURCE;
				MTL_FAST_MATH = YES;
				ONLY_ACTIVE_ARCH = YES;
				SDKROOT = iphoneos;
				SWIFT_ACTIVE_COMPILATION_CONDITIONS = DEBUG;
				SWIFT_OPTIMIZATION_LEVEL = "-Onone";
			};
			name = Debug;
		};
		B432F7BD24BC1F160062EDB0 /* Release */ = {
			isa = XCBuildConfiguration;
			buildSettings = {
				ALWAYS_SEARCH_USER_PATHS = NO;
				CLANG_ANALYZER_NONNULL = YES;
				CLANG_ANALYZER_NUMBER_OBJECT_CONVERSION = YES_AGGRESSIVE;
				CLANG_CXX_LANGUAGE_STANDARD = "gnu++14";
				CLANG_CXX_LIBRARY = "libc++";
				CLANG_ENABLE_MODULES = YES;
				CLANG_ENABLE_OBJC_ARC = YES;
				CLANG_ENABLE_OBJC_WEAK = YES;
				CLANG_WARN_BLOCK_CAPTURE_AUTORELEASING = YES;
				CLANG_WARN_BOOL_CONVERSION = YES;
				CLANG_WARN_COMMA = YES;
				CLANG_WARN_CONSTANT_CONVERSION = YES;
				CLANG_WARN_DEPRECATED_OBJC_IMPLEMENTATIONS = YES;
				CLANG_WARN_DIRECT_OBJC_ISA_USAGE = YES_ERROR;
				CLANG_WARN_DOCUMENTATION_COMMENTS = YES;
				CLANG_WARN_EMPTY_BODY = YES;
				CLANG_WARN_ENUM_CONVERSION = YES;
				CLANG_WARN_INFINITE_RECURSION = YES;
				CLANG_WARN_INT_CONVERSION = YES;
				CLANG_WARN_NON_LITERAL_NULL_CONVERSION = YES;
				CLANG_WARN_OBJC_IMPLICIT_RETAIN_SELF = YES;
				CLANG_WARN_OBJC_LITERAL_CONVERSION = YES;
				CLANG_WARN_OBJC_ROOT_CLASS = YES_ERROR;
				CLANG_WARN_RANGE_LOOP_ANALYSIS = YES;
				CLANG_WARN_STRICT_PROTOTYPES = YES;
				CLANG_WARN_SUSPICIOUS_MOVE = YES;
				CLANG_WARN_UNGUARDED_AVAILABILITY = YES_AGGRESSIVE;
				CLANG_WARN_UNREACHABLE_CODE = YES;
				CLANG_WARN__DUPLICATE_METHOD_MATCH = YES;
				COPY_PHASE_STRIP = NO;
				DEBUG_INFORMATION_FORMAT = "dwarf-with-dsym";
				ENABLE_NS_ASSERTIONS = NO;
				ENABLE_STRICT_OBJC_MSGSEND = YES;
				GCC_C_LANGUAGE_STANDARD = gnu11;
				GCC_NO_COMMON_BLOCKS = YES;
				GCC_WARN_64_TO_32_BIT_CONVERSION = YES;
				GCC_WARN_ABOUT_RETURN_TYPE = YES_ERROR;
				GCC_WARN_UNDECLARED_SELECTOR = YES;
				GCC_WARN_UNINITIALIZED_AUTOS = YES_AGGRESSIVE;
				GCC_WARN_UNUSED_FUNCTION = YES;
				GCC_WARN_UNUSED_VARIABLE = YES;
				IPHONEOS_DEPLOYMENT_TARGET = 13.5;
				MTL_ENABLE_DEBUG_INFO = NO;
				MTL_FAST_MATH = YES;
				SDKROOT = iphoneos;
				SWIFT_COMPILATION_MODE = wholemodule;
				SWIFT_OPTIMIZATION_LEVEL = "-O";
				VALIDATE_PRODUCT = YES;
			};
			name = Release;
		};
		B432F7BF24BC1F160062EDB0 /* Debug */ = {
			isa = XCBuildConfiguration;
			buildSettings = {
				ASSETCATALOG_COMPILER_APPICON_NAME = AppIcon;
				CODE_SIGN_STYLE = Automatic;
				DEVELOPMENT_TEAM = QEXVU7NBU9;
				INFOPLIST_FILE = continentclimb/Info.plist;
				IPHONEOS_DEPLOYMENT_TARGET = 12.4;
				LD_RUNPATH_SEARCH_PATHS = (
					"$(inherited)",
					"@executable_path/Frameworks",
				);
				PRODUCT_BUNDLE_IDENTIFIER = com.ishiba.continentclimb;
				PRODUCT_NAME = "Continent Climb";
				SWIFT_VERSION = 5.0;
				TARGETED_DEVICE_FAMILY = "1,2";
			};
			name = Debug;
		};
		B432F7C024BC1F160062EDB0 /* Release */ = {
			isa = XCBuildConfiguration;
			buildSettings = {
				ASSETCATALOG_COMPILER_APPICON_NAME = AppIcon;
				CODE_SIGN_STYLE = Automatic;
				DEVELOPMENT_TEAM = QEXVU7NBU9;
				INFOPLIST_FILE = continentclimb/Info.plist;
				IPHONEOS_DEPLOYMENT_TARGET = 12.4;
				LD_RUNPATH_SEARCH_PATHS = (
					"$(inherited)",
					"@executable_path/Frameworks",
				);
				PRODUCT_BUNDLE_IDENTIFIER = com.ishiba.continentclimb;
				PRODUCT_NAME = "Continent Climb";
				SWIFT_VERSION = 5.0;
				TARGETED_DEVICE_FAMILY = "1,2";
			};
			name = Release;
		};
		B432F7C224BC1F160062EDB0 /* Debug */ = {
			isa = XCBuildConfiguration;
			buildSettings = {
				ALWAYS_EMBED_SWIFT_STANDARD_LIBRARIES = YES;
				BUNDLE_LOADER = "$(TEST_HOST)";
				CODE_SIGN_STYLE = Automatic;
				DEVELOPMENT_TEAM = QEXVU7NBU9;
				INFOPLIST_FILE = continentclimbTests/Info.plist;
				IPHONEOS_DEPLOYMENT_TARGET = 13.5;
				LD_RUNPATH_SEARCH_PATHS = (
					"$(inherited)",
					"@executable_path/Frameworks",
					"@loader_path/Frameworks",
				);
				PRODUCT_BUNDLE_IDENTIFIER = com.ishiba.continentclimbTests;
				PRODUCT_NAME = "$(TARGET_NAME)";
				SWIFT_VERSION = 5.0;
				TARGETED_DEVICE_FAMILY = "1,2";
				TEST_HOST = "$(BUILT_PRODUCTS_DIR)/continentclimb.app/continentclimb";
			};
			name = Debug;
		};
		B432F7C324BC1F160062EDB0 /* Release */ = {
			isa = XCBuildConfiguration;
			buildSettings = {
				ALWAYS_EMBED_SWIFT_STANDARD_LIBRARIES = YES;
				BUNDLE_LOADER = "$(TEST_HOST)";
				CODE_SIGN_STYLE = Automatic;
				DEVELOPMENT_TEAM = QEXVU7NBU9;
				INFOPLIST_FILE = continentclimbTests/Info.plist;
				IPHONEOS_DEPLOYMENT_TARGET = 13.5;
				LD_RUNPATH_SEARCH_PATHS = (
					"$(inherited)",
					"@executable_path/Frameworks",
					"@loader_path/Frameworks",
				);
				PRODUCT_BUNDLE_IDENTIFIER = com.ishiba.continentclimbTests;
				PRODUCT_NAME = "$(TARGET_NAME)";
				SWIFT_VERSION = 5.0;
				TARGETED_DEVICE_FAMILY = "1,2";
				TEST_HOST = "$(BUILT_PRODUCTS_DIR)/continentclimb.app/continentclimb";
			};
			name = Release;
		};
		B432F7C524BC1F160062EDB0 /* Debug */ = {
			isa = XCBuildConfiguration;
			buildSettings = {
				ALWAYS_EMBED_SWIFT_STANDARD_LIBRARIES = YES;
				CODE_SIGN_STYLE = Automatic;
				DEVELOPMENT_TEAM = QEXVU7NBU9;
				INFOPLIST_FILE = continentclimbUITests/Info.plist;
				LD_RUNPATH_SEARCH_PATHS = (
					"$(inherited)",
					"@executable_path/Frameworks",
					"@loader_path/Frameworks",
				);
				PRODUCT_BUNDLE_IDENTIFIER = com.ishiba.continentclimbUITests;
				PRODUCT_NAME = "$(TARGET_NAME)";
				SWIFT_VERSION = 5.0;
				TARGETED_DEVICE_FAMILY = "1,2";
				TEST_TARGET_NAME = continentclimb;
			};
			name = Debug;
		};
		B432F7C624BC1F160062EDB0 /* Release */ = {
			isa = XCBuildConfiguration;
			buildSettings = {
				ALWAYS_EMBED_SWIFT_STANDARD_LIBRARIES = YES;
				CODE_SIGN_STYLE = Automatic;
				DEVELOPMENT_TEAM = QEXVU7NBU9;
				INFOPLIST_FILE = continentclimbUITests/Info.plist;
				LD_RUNPATH_SEARCH_PATHS = (
					"$(inherited)",
					"@executable_path/Frameworks",
					"@loader_path/Frameworks",
				);
				PRODUCT_BUNDLE_IDENTIFIER = com.ishiba.continentclimbUITests;
				PRODUCT_NAME = "$(TARGET_NAME)";
				SWIFT_VERSION = 5.0;
				TARGETED_DEVICE_FAMILY = "1,2";
				TEST_TARGET_NAME = continentclimb;
			};
			name = Release;
		};
/* End XCBuildConfiguration section */

/* Begin XCConfigurationList section */
		B432F78B24BC1F140062EDB0 /* Build configuration list for PBXProject "continentclimb" */ = {
			isa = XCConfigurationList;
			buildConfigurations = (
				B432F7BC24BC1F160062EDB0 /* Debug */,
				B432F7BD24BC1F160062EDB0 /* Release */,
			);
			defaultConfigurationIsVisible = 0;
			defaultConfigurationName = Release;
		};
		B432F7BE24BC1F160062EDB0 /* Build configuration list for PBXNativeTarget "continentclimb" */ = {
			isa = XCConfigurationList;
			buildConfigurations = (
				B432F7BF24BC1F160062EDB0 /* Debug */,
				B432F7C024BC1F160062EDB0 /* Release */,
			);
			defaultConfigurationIsVisible = 0;
			defaultConfigurationName = Release;
		};
		B432F7C124BC1F160062EDB0 /* Build configuration list for PBXNativeTarget "continentclimbTests" */ = {
			isa = XCConfigurationList;
			buildConfigurations = (
				B432F7C224BC1F160062EDB0 /* Debug */,
				B432F7C324BC1F160062EDB0 /* Release */,
			);
			defaultConfigurationIsVisible = 0;
			defaultConfigurationName = Release;
		};
		B432F7C424BC1F160062EDB0 /* Build configuration list for PBXNativeTarget "continentclimbUITests" */ = {
			isa = XCConfigurationList;
			buildConfigurations = (
				B432F7C524BC1F160062EDB0 /* Debug */,
				B432F7C624BC1F160062EDB0 /* Release */,
			);
			defaultConfigurationIsVisible = 0;
			defaultConfigurationName = Release;
		};
/* End XCConfigurationList section */
	};
	rootObject = B432F78824BC1F140062EDB0 /* Project object */;
}
